Microsoft Visual Studio Solution File, Format Version 11.00
# Visual Studio 2008

Project("{ED35EF6C-3FFE-E890-6908-354A80C0B1EE}") = "InfraTed", "Assembly-CSharp-firstpass-vs.csproj", "{9BCC00F3-8854-8118-78DB-1EFE5F70E3DB}"
EndProject
Project("{ED35EF6C-3FFE-E890-6908-354A80C0B1EE}") = "InfraTed", "Assembly-CSharp-vs.csproj", "{91DDC38A-6CFF-DCE3-E5A6-064C2B445D7A}"
EndProject
Project("{ED35EF6C-3FFE-E890-6908-354A80C0B1EE}") = "InfraTed", "Assembly-CSharp-Editor-vs.csproj", "{0AF39E89-6755-14ED-E419-571F27D25FCD}"
EndProject
Global
	GlobalSection(SolutionConfigurationPlatforms) = preSolution
		Debug|Any CPU = Debug|Any CPU
		Release|Any CPU = Release|Any CPU
	EndGlobalSection
	GlobalSection(ProjectConfigurationPlatforms) = postSolution
		{9BCC00F3-8854-8118-78DB-1EFE5F70E3DB}.Debug|Any CPU.ActiveCfg = Debug|Any CPU
		{9BCC00F3-8854-8118-78DB-1EFE5F70E3DB}.Debug|Any CPU.Build.0 = Debug|Any CPU
		{9BCC00F3-8854-8118-78DB-1EFE5F70E3DB}.Release|Any CPU.ActiveCfg = Release|Any CPU
		{9BCC00F3-8854-8118-78DB-1EFE5F70E3DB}.Release|Any CPU.Build.0 = Release|Any CPU
		{91DDC38A-6CFF-DCE3-E5A6-064C2B445D7A}.Debug|Any CPU.ActiveCfg = Debug|Any CPU
		{91DDC38A-6CFF-DCE3-E5A6-064C2B445D7A}.Debug|Any CPU.Build.0 = Debug|Any CPU
		{91DDC38A-6CFF-DCE3-E5A6-064C2B445D7A}.Release|Any CPU.ActiveCfg = Release|Any CPU
		{91DDC38A-6CFF-DCE3-E5A6-064C2B445D7A}.Release|Any CPU.Build.0 = Release|Any CPU
		{0AF39E89-6755-14ED-E419-571F27D25FCD}.Debug|Any CPU.ActiveCfg = Debug|Any CPU
		{0AF39E89-6755-14ED-E419-571F27D25FCD}.Debug|Any CPU.Build.0 = Debug|Any CPU
		{0AF39E89-6755-14ED-E419-571F27D25FCD}.Release|Any CPU.ActiveCfg = Release|Any CPU
		{0AF39E89-6755-14ED-E419-571F27D25FCD}.Release|Any CPU.Build.0 = Release|Any CPU
	EndGlobalSection
	GlobalSection(SolutionProperties) = preSolution
		HideSolutionNode = FALSE
	EndGlobalSection
																																																																																																																																																																																																																																						GlobalSection(MonoDevelopProperties) = preSolution
		StartupItem = Assembly-CSharp.csproj
		Policies = $0
		$0.TextStylePolicy = $1
		$1.inheritsSet = null
		$1.scope = text/x-csharp
		$0.CSharpFormattingPolicy = $2
		$2.inheritsSet = Mono
		$2.inheritsScope = text/x-csharp
		$2.scope = text/x-csharp
		$0.TextStylePolicy = $3
		$3.FileWidth = 120
		$3.TabWidth = 4
		$3.EolMarker = Unix
		$3.inheritsSet = Mono
		$3.inheritsScope = text/plain
		$3.scope = text/plain
	EndGlobalSection

EndGlobal
